
Microsoft Visual Studio Solution File, Format Version 12.00
# Visual Studio Version 16
VisualStudioVersion = 16.0.31624.102
MinimumVisualStudioVersion = 10.0.40219.1
Project("{FAE04EC0-301F-11D3-BF4B-00C04F79EFBC}") = "Cafe", "PostService\Cafe.csproj", "{D6354D20-DE23-402D-9FF8-877F135D2D84}"
EndProject
Global
	GlobalSection(SolutionConfigurationPlatforms) = preSolution
		Debug|Any CPU = Debug|Any CPU
		Release|Any CPU = Release|Any CPU
	EndGlobalSection
	GlobalSection(ProjectConfigurationPlatforms) = postSolution
		{D6354D20-DE23-402D-9FF8-877F135D2D84}.Debug|Any CPU.ActiveCfg = Debug|Any CPU
		{D6354D20-DE23-402D-9FF8-877F135D2D84}.Debug|Any CPU.Build.0 = Debug|Any CPU
		{D6354D20-DE23-402D-9FF8-877F135D2D84}.Release|Any CPU.ActiveCfg = Release|Any CPU
		{D6354D20-DE23-402D-9FF8-877F135D2D84}.Release|Any CPU.Build.0 = Release|Any CPU
	EndGlobalSection
	GlobalSection(SolutionProperties) = preSolution
		HideSolutionNode = FALSE
	EndGlobalSection
	GlobalSection(ExtensibilityGlobals) = postSolution
		SolutionGuid = {A55DD512-E020-4B00-AF12-C25BA85939C3}
	EndGlobalSection
EndGlobal
